{
  "name": "eva-icons",
  "version": "1.1.2",
  "lockfileVersion": 3,
  "requires": true,
  "packages": {
    "": {
      "name": "eva-icons",
      "version": "1.1.2",
      "license": "MIT",
      "dependencies": {
        "eva-icons": "file:"
      }
    },
    "node_modules/eva-icons": {
      "resolved": "",
      "link": true
    }
  }
}
